
Microsoft Visual Studio Solution File, Format Version 12.00
Project("{FAE04EC0-301F-11D3-BF4B-00C04F79EFBC}") = "BetterVanilla", "BetterVanilla\BetterVanilla.csproj", "{03FB3D57-D4D8-4A06-BFB0-0F4E78D4B52E}"
EndProject
Project("{FAE04EC0-301F-11D3-BF4B-00C04F79EFBC}") = "BetterVanilla.Ui.SourceGenerator", "BetterVanilla.Ui.SourceGenerator\BetterVanilla.Ui.SourceGenerator.csproj", "{D1E2F3A4-B5C6-7890-ABCD-EF1234567891}"
EndProject
Project("{2150E333-8FDC-42A3-9474-1A3956D46DE8}") = "Generators", "Generators", "{B2C3D4E5-F6A7-8901-BCDE-F12345678901}"
EndProject
Project("{FAE04EC0-301F-11D3-BF4B-00C04F79EFBC}") = "BetterVanilla.Ui", "BetterVanilla.Ui\BetterVanilla.Ui.csproj", "{9AB8118A-FA44-4167-A06E-62F16CCF3B6C}"
EndProject
Project("{FAE04EC0-301F-11D3-BF4B-00C04F79EFBC}") = "BetterVanilla.Ui.Extensions", "BetterVanilla.Ui.Extensions\BetterVanilla.Ui.Extensions.csproj", "{E1B53E96-1899-4437-8689-D051F4A9729F}"
EndProject
Project("{FAE04EC0-301F-11D3-BF4B-00C04F79EFBC}") = "BetterVanilla.Extensions", "BetterVanilla.Extensions\BetterVanilla.Extensions.csproj", "{982E9D3D-5554-4653-AB3C-7451ABE24746}"
EndProject
Project("{2150E333-8FDC-42A3-9474-1A3956D46DE8}") = "Cosmetics", "Cosmetics", "{2792F863-5F98-491F-BA34-A1D31E0B44CC}"
EndProject
Project("{FAE04EC0-301F-11D3-BF4B-00C04F79EFBC}") = "BetterVanilla.Cosmetics.Api", "BetterVanilla.Cosmetics.Api\BetterVanilla.Cosmetics.Api.csproj", "{4BD57D4F-1F89-4F48-9A6B-ADC1395E1CFB}"
EndProject
Project("{2150E333-8FDC-42A3-9474-1A3956D46DE8}") = "Ui", "Ui", "{C542829C-A3CC-408E-ACCD-D22FF511117D}"
EndProject
Project("{FAE04EC0-301F-11D3-BF4B-00C04F79EFBC}") = "BetterVanilla.Options.Core", "BetterVanilla.Options.Core\BetterVanilla.Options.Core.csproj", "{A8BF4BE1-ED3A-4F90-B98E-C45C002965BC}"
EndProject
Project("{FAE04EC0-301F-11D3-BF4B-00C04F79EFBC}") = "BetterVanilla.Options.SourceGenerator", "BetterVanilla.Options.SourceGenerator\BetterVanilla.Options.SourceGenerator.csproj", "{B9C8D7E6-F5A4-3210-FEDC-BA9876543210}"
EndProject
Project("{2150E333-8FDC-42A3-9474-1A3956D46DE8}") = "Core", "Core", "{1314BA6D-2C30-4A6C-9714-D2C349ECC913}"
EndProject
Project("{FAE04EC0-301F-11D3-BF4B-00C04F79EFBC}") = "BetterVanilla.Localization", "BetterVanilla.Localization\BetterVanilla.Localization.csproj", "{888B2E6C-6B60-4E30-BEDE-347DC65EA71C}"
EndProject
Project("{FAE04EC0-301F-11D3-BF4B-00C04F79EFBC}") = "BetterVanilla.Localization.SourceGenerator", "BetterVanilla.Localization.SourceGenerator\BetterVanilla.Localization.SourceGenerator.csproj", "{67F3C72C-F8A7-4DFE-9E96-EA324867870F}"
EndProject
Global
	GlobalSection(SolutionConfigurationPlatforms) = preSolution
		Debug|Any CPU = Debug|Any CPU
		Debug|x64 = Debug|x64
		Debug|x86 = Debug|x86
		Release|Any CPU = Release|Any CPU
		Release|x64 = Release|x64
		Release|x86 = Release|x86
	EndGlobalSection
	GlobalSection(ProjectConfigurationPlatforms) = postSolution
		{03FB3D57-D4D8-4A06-BFB0-0F4E78D4B52E}.Debug|Any CPU.ActiveCfg = Debug|Any CPU
		{03FB3D57-D4D8-4A06-BFB0-0F4E78D4B52E}.Debug|Any CPU.Build.0 = Debug|Any CPU
		{03FB3D57-D4D8-4A06-BFB0-0F4E78D4B52E}.Debug|x64.ActiveCfg = Debug|Any CPU
		{03FB3D57-D4D8-4A06-BFB0-0F4E78D4B52E}.Debug|x64.Build.0 = Debug|Any CPU
		{03FB3D57-D4D8-4A06-BFB0-0F4E78D4B52E}.Debug|x86.ActiveCfg = Debug|Any CPU
		{03FB3D57-D4D8-4A06-BFB0-0F4E78D4B52E}.Debug|x86.Build.0 = Debug|Any CPU
		{03FB3D57-D4D8-4A06-BFB0-0F4E78D4B52E}.Release|Any CPU.ActiveCfg = Release|Any CPU
		{03FB3D57-D4D8-4A06-BFB0-0F4E78D4B52E}.Release|Any CPU.Build.0 = Release|Any CPU
		{03FB3D57-D4D8-4A06-BFB0-0F4E78D4B52E}.Release|x64.ActiveCfg = Release|Any CPU
		{03FB3D57-D4D8-4A06-BFB0-0F4E78D4B52E}.Release|x64.Build.0 = Release|Any CPU
		{03FB3D57-D4D8-4A06-BFB0-0F4E78D4B52E}.Release|x86.ActiveCfg = Release|Any CPU
		{03FB3D57-D4D8-4A06-BFB0-0F4E78D4B52E}.Release|x86.Build.0 = Release|Any CPU
		{D1E2F3A4-B5C6-7890-ABCD-EF1234567891}.Debug|Any CPU.ActiveCfg = Debug|Any CPU
		{D1E2F3A4-B5C6-7890-ABCD-EF1234567891}.Debug|Any CPU.Build.0 = Debug|Any CPU
		{D1E2F3A4-B5C6-7890-ABCD-EF1234567891}.Debug|x64.ActiveCfg = Debug|Any CPU
		{D1E2F3A4-B5C6-7890-ABCD-EF1234567891}.Debug|x64.Build.0 = Debug|Any CPU
		{D1E2F3A4-B5C6-7890-ABCD-EF1234567891}.Debug|x86.ActiveCfg = Debug|Any CPU
		{D1E2F3A4-B5C6-7890-ABCD-EF1234567891}.Debug|x86.Build.0 = Debug|Any CPU
		{D1E2F3A4-B5C6-7890-ABCD-EF1234567891}.Release|Any CPU.ActiveCfg = Release|Any CPU
		{D1E2F3A4-B5C6-7890-ABCD-EF1234567891}.Release|Any CPU.Build.0 = Release|Any CPU
		{D1E2F3A4-B5C6-7890-ABCD-EF1234567891}.Release|x64.ActiveCfg = Release|Any CPU
		{D1E2F3A4-B5C6-7890-ABCD-EF1234567891}.Release|x64.Build.0 = Release|Any CPU
		{D1E2F3A4-B5C6-7890-ABCD-EF1234567891}.Release|x86.ActiveCfg = Release|Any CPU
		{D1E2F3A4-B5C6-7890-ABCD-EF1234567891}.Release|x86.Build.0 = Release|Any CPU
		{9AB8118A-FA44-4167-A06E-62F16CCF3B6C}.Debug|Any CPU.ActiveCfg = Debug|Any CPU
		{9AB8118A-FA44-4167-A06E-62F16CCF3B6C}.Debug|Any CPU.Build.0 = Debug|Any CPU
		{9AB8118A-FA44-4167-A06E-62F16CCF3B6C}.Debug|x64.ActiveCfg = Debug|Any CPU
		{9AB8118A-FA44-4167-A06E-62F16CCF3B6C}.Debug|x64.Build.0 = Debug|Any CPU
		{9AB8118A-FA44-4167-A06E-62F16CCF3B6C}.Debug|x86.ActiveCfg = Debug|Any CPU
		{9AB8118A-FA44-4167-A06E-62F16CCF3B6C}.Debug|x86.Build.0 = Debug|Any CPU
		{9AB8118A-FA44-4167-A06E-62F16CCF3B6C}.Release|Any CPU.ActiveCfg = Release|Any CPU
		{9AB8118A-FA44-4167-A06E-62F16CCF3B6C}.Release|Any CPU.Build.0 = Release|Any CPU
		{9AB8118A-FA44-4167-A06E-62F16CCF3B6C}.Release|x64.ActiveCfg = Release|Any CPU
		{9AB8118A-FA44-4167-A06E-62F16CCF3B6C}.Release|x64.Build.0 = Release|Any CPU
		{9AB8118A-FA44-4167-A06E-62F16CCF3B6C}.Release|x86.ActiveCfg = Release|Any CPU
		{9AB8118A-FA44-4167-A06E-62F16CCF3B6C}.Release|x86.Build.0 = Release|Any CPU
		{E1B53E96-1899-4437-8689-D051F4A9729F}.Debug|Any CPU.ActiveCfg = Debug|Any CPU
		{E1B53E96-1899-4437-8689-D051F4A9729F}.Debug|Any CPU.Build.0 = Debug|Any CPU
		{E1B53E96-1899-4437-8689-D051F4A9729F}.Debug|x64.ActiveCfg = Debug|Any CPU
		{E1B53E96-1899-4437-8689-D051F4A9729F}.Debug|x64.Build.0 = Debug|Any CPU
		{E1B53E96-1899-4437-8689-D051F4A9729F}.Debug|x86.ActiveCfg = Debug|Any CPU
		{E1B53E96-1899-4437-8689-D051F4A9729F}.Debug|x86.Build.0 = Debug|Any CPU
		{E1B53E96-1899-4437-8689-D051F4A9729F}.Release|Any CPU.ActiveCfg = Release|Any CPU
		{E1B53E96-1899-4437-8689-D051F4A9729F}.Release|Any CPU.Build.0 = Release|Any CPU
		{E1B53E96-1899-4437-8689-D051F4A9729F}.Release|x64.ActiveCfg = Release|Any CPU
		{E1B53E96-1899-4437-8689-D051F4A9729F}.Release|x64.Build.0 = Release|Any CPU
		{E1B53E96-1899-4437-8689-D051F4A9729F}.Release|x86.ActiveCfg = Release|Any CPU
		{E1B53E96-1899-4437-8689-D051F4A9729F}.Release|x86.Build.0 = Release|Any CPU
		{982E9D3D-5554-4653-AB3C-7451ABE24746}.Debug|Any CPU.ActiveCfg = Debug|Any CPU
		{982E9D3D-5554-4653-AB3C-7451ABE24746}.Debug|Any CPU.Build.0 = Debug|Any CPU
		{982E9D3D-5554-4653-AB3C-7451ABE24746}.Debug|x64.ActiveCfg = Debug|Any CPU
		{982E9D3D-5554-4653-AB3C-7451ABE24746}.Debug|x64.Build.0 = Debug|Any CPU
		{982E9D3D-5554-4653-AB3C-7451ABE24746}.Debug|x86.ActiveCfg = Debug|Any CPU
		{982E9D3D-5554-4653-AB3C-7451ABE24746}.Debug|x86.Build.0 = Debug|Any CPU
		{982E9D3D-5554-4653-AB3C-7451ABE24746}.Release|Any CPU.ActiveCfg = Release|Any CPU
		{982E9D3D-5554-4653-AB3C-7451ABE24746}.Release|Any CPU.Build.0 = Release|Any CPU
		{982E9D3D-5554-4653-AB3C-7451ABE24746}.Release|x64.ActiveCfg = Release|Any CPU
		{982E9D3D-5554-4653-AB3C-7451ABE24746}.Release|x64.Build.0 = Release|Any CPU
		{982E9D3D-5554-4653-AB3C-7451ABE24746}.Release|x86.ActiveCfg = Release|Any CPU
		{982E9D3D-5554-4653-AB3C-7451ABE24746}.Release|x86.Build.0 = Release|Any CPU
		{4BD57D4F-1F89-4F48-9A6B-ADC1395E1CFB}.Debug|Any CPU.ActiveCfg = Debug|Any CPU
		{4BD57D4F-1F89-4F48-9A6B-ADC1395E1CFB}.Debug|Any CPU.Build.0 = Debug|Any CPU
		{4BD57D4F-1F89-4F48-9A6B-ADC1395E1CFB}.Debug|x64.ActiveCfg = Debug|Any CPU
		{4BD57D4F-1F89-4F48-9A6B-ADC1395E1CFB}.Debug|x64.Build.0 = Debug|Any CPU
		{4BD57D4F-1F89-4F48-9A6B-ADC1395E1CFB}.Debug|x86.ActiveCfg = Debug|Any CPU
		{4BD57D4F-1F89-4F48-9A6B-ADC1395E1CFB}.Debug|x86.Build.0 = Debug|Any CPU
		{4BD57D4F-1F89-4F48-9A6B-ADC1395E1CFB}.Release|Any CPU.ActiveCfg = Release|Any CPU
		{4BD57D4F-1F89-4F48-9A6B-ADC1395E1CFB}.Release|Any CPU.Build.0 = Release|Any CPU
		{4BD57D4F-1F89-4F48-9A6B-ADC1395E1CFB}.Release|x64.ActiveCfg = Release|Any CPU
		{4BD57D4F-1F89-4F48-9A6B-ADC1395E1CFB}.Release|x64.Build.0 = Release|Any CPU
		{4BD57D4F-1F89-4F48-9A6B-ADC1395E1CFB}.Release|x86.ActiveCfg = Release|Any CPU
		{4BD57D4F-1F89-4F48-9A6B-ADC1395E1CFB}.Release|x86.Build.0 = Release|Any CPU
		{A8BF4BE1-ED3A-4F90-B98E-C45C002965BC}.Debug|Any CPU.ActiveCfg = Debug|Any CPU
		{A8BF4BE1-ED3A-4F90-B98E-C45C002965BC}.Debug|Any CPU.Build.0 = Debug|Any CPU
		{A8BF4BE1-ED3A-4F90-B98E-C45C002965BC}.Debug|x64.ActiveCfg = Debug|Any CPU
		{A8BF4BE1-ED3A-4F90-B98E-C45C002965BC}.Debug|x64.Build.0 = Debug|Any CPU
		{A8BF4BE1-ED3A-4F90-B98E-C45C002965BC}.Debug|x86.ActiveCfg = Debug|Any CPU
		{A8BF4BE1-ED3A-4F90-B98E-C45C002965BC}.Debug|x86.Build.0 = Debug|Any CPU
		{A8BF4BE1-ED3A-4F90-B98E-C45C002965BC}.Release|Any CPU.ActiveCfg = Release|Any CPU
		{A8BF4BE1-ED3A-4F90-B98E-C45C002965BC}.Release|Any CPU.Build.0 = Release|Any CPU
		{A8BF4BE1-ED3A-4F90-B98E-C45C002965BC}.Release|x64.ActiveCfg = Release|Any CPU
		{A8BF4BE1-ED3A-4F90-B98E-C45C002965BC}.Release|x64.Build.0 = Release|Any CPU
		{A8BF4BE1-ED3A-4F90-B98E-C45C002965BC}.Release|x86.ActiveCfg = Release|Any CPU
		{A8BF4BE1-ED3A-4F90-B98E-C45C002965BC}.Release|x86.Build.0 = Release|Any CPU
		{B9C8D7E6-F5A4-3210-FEDC-BA9876543210}.Debug|Any CPU.ActiveCfg = Debug|Any CPU
		{B9C8D7E6-F5A4-3210-FEDC-BA9876543210}.Debug|Any CPU.Build.0 = Debug|Any CPU
		{B9C8D7E6-F5A4-3210-FEDC-BA9876543210}.Debug|x64.ActiveCfg = Debug|Any CPU
		{B9C8D7E6-F5A4-3210-FEDC-BA9876543210}.Debug|x64.Build.0 = Debug|Any CPU
		{B9C8D7E6-F5A4-3210-FEDC-BA9876543210}.Debug|x86.ActiveCfg = Debug|Any CPU
		{B9C8D7E6-F5A4-3210-FEDC-BA9876543210}.Debug|x86.Build.0 = Debug|Any CPU
		{B9C8D7E6-F5A4-3210-FEDC-BA9876543210}.Release|Any CPU.ActiveCfg = Release|Any CPU
		{B9C8D7E6-F5A4-3210-FEDC-BA9876543210}.Release|Any CPU.Build.0 = Release|Any CPU
		{B9C8D7E6-F5A4-3210-FEDC-BA9876543210}.Release|x64.ActiveCfg = Release|Any CPU
		{B9C8D7E6-F5A4-3210-FEDC-BA9876543210}.Release|x64.Build.0 = Release|Any CPU
		{B9C8D7E6-F5A4-3210-FEDC-BA9876543210}.Release|x86.ActiveCfg = Release|Any CPU
		{B9C8D7E6-F5A4-3210-FEDC-BA9876543210}.Release|x86.Build.0 = Release|Any CPU
		{888B2E6C-6B60-4E30-BEDE-347DC65EA71C}.Debug|Any CPU.ActiveCfg = Debug|Any CPU
		{888B2E6C-6B60-4E30-BEDE-347DC65EA71C}.Debug|Any CPU.Build.0 = Debug|Any CPU
		{888B2E6C-6B60-4E30-BEDE-347DC65EA71C}.Debug|x64.ActiveCfg = Debug|Any CPU
		{888B2E6C-6B60-4E30-BEDE-347DC65EA71C}.Debug|x64.Build.0 = Debug|Any CPU
		{888B2E6C-6B60-4E30-BEDE-347DC65EA71C}.Debug|x86.ActiveCfg = Debug|Any CPU
		{888B2E6C-6B60-4E30-BEDE-347DC65EA71C}.Debug|x86.Build.0 = Debug|Any CPU
		{888B2E6C-6B60-4E30-BEDE-347DC65EA71C}.Release|Any CPU.ActiveCfg = Release|Any CPU
		{888B2E6C-6B60-4E30-BEDE-347DC65EA71C}.Release|Any CPU.Build.0 = Release|Any CPU
		{888B2E6C-6B60-4E30-BEDE-347DC65EA71C}.Release|x64.ActiveCfg = Release|Any CPU
		{888B2E6C-6B60-4E30-BEDE-347DC65EA71C}.Release|x64.Build.0 = Release|Any CPU
		{888B2E6C-6B60-4E30-BEDE-347DC65EA71C}.Release|x86.ActiveCfg = Release|Any CPU
		{888B2E6C-6B60-4E30-BEDE-347DC65EA71C}.Release|x86.Build.0 = Release|Any CPU
		{67F3C72C-F8A7-4DFE-9E96-EA324867870F}.Debug|Any CPU.ActiveCfg = Debug|Any CPU
		{67F3C72C-F8A7-4DFE-9E96-EA324867870F}.Debug|Any CPU.Build.0 = Debug|Any CPU
		{67F3C72C-F8A7-4DFE-9E96-EA324867870F}.Debug|x64.ActiveCfg = Debug|Any CPU
		{67F3C72C-F8A7-4DFE-9E96-EA324867870F}.Debug|x64.Build.0 = Debug|Any CPU
		{67F3C72C-F8A7-4DFE-9E96-EA324867870F}.Debug|x86.ActiveCfg = Debug|Any CPU
		{67F3C72C-F8A7-4DFE-9E96-EA324867870F}.Debug|x86.Build.0 = Debug|Any CPU
		{67F3C72C-F8A7-4DFE-9E96-EA324867870F}.Release|Any CPU.ActiveCfg = Release|Any CPU
		{67F3C72C-F8A7-4DFE-9E96-EA324867870F}.Release|Any CPU.Build.0 = Release|Any CPU
		{67F3C72C-F8A7-4DFE-9E96-EA324867870F}.Release|x64.ActiveCfg = Release|Any CPU
		{67F3C72C-F8A7-4DFE-9E96-EA324867870F}.Release|x64.Build.0 = Release|Any CPU
		{67F3C72C-F8A7-4DFE-9E96-EA324867870F}.Release|x86.ActiveCfg = Release|Any CPU
		{67F3C72C-F8A7-4DFE-9E96-EA324867870F}.Release|x86.Build.0 = Release|Any CPU
	EndGlobalSection
	GlobalSection(SolutionProperties) = preSolution
		HideSolutionNode = FALSE
	EndGlobalSection
	GlobalSection(NestedProjects) = preSolution
		{D1E2F3A4-B5C6-7890-ABCD-EF1234567891} = {B2C3D4E5-F6A7-8901-BCDE-F12345678901}
		{9AB8118A-FA44-4167-A06E-62F16CCF3B6C} = {C542829C-A3CC-408E-ACCD-D22FF511117D}
		{E1B53E96-1899-4437-8689-D051F4A9729F} = {C542829C-A3CC-408E-ACCD-D22FF511117D}
		{982E9D3D-5554-4653-AB3C-7451ABE24746} = {1314BA6D-2C30-4A6C-9714-D2C349ECC913}
		{4BD57D4F-1F89-4F48-9A6B-ADC1395E1CFB} = {2792F863-5F98-491F-BA34-A1D31E0B44CC}
		{A8BF4BE1-ED3A-4F90-B98E-C45C002965BC} = {1314BA6D-2C30-4A6C-9714-D2C349ECC913}
		{B9C8D7E6-F5A4-3210-FEDC-BA9876543210} = {B2C3D4E5-F6A7-8901-BCDE-F12345678901}
		{888B2E6C-6B60-4E30-BEDE-347DC65EA71C} = {1314BA6D-2C30-4A6C-9714-D2C349ECC913}
		{67F3C72C-F8A7-4DFE-9E96-EA324867870F} = {B2C3D4E5-F6A7-8901-BCDE-F12345678901}
	EndGlobalSection
EndGlobal
